
Microsoft Visual Studio Solution File, Format Version 12.00
# Visual Studio Version 17
VisualStudioVersion = 17.5.33530.505
MinimumVisualStudioVersion = 10.0.40219.1
Project("{FAE04EC0-301F-11D3-BF4B-00C04F79EFBC}") = "01_MainSubjects", "01_MainSubjects\01_MainSubjects.csproj", "{442B13A3-37EF-4106-AD8B-E6B8168F86E5}"
EndProject
Project("{FAE04EC0-301F-11D3-BF4B-00C04F79EFBC}") = "02_Variables", "02_Variables\02_Variables.csproj", "{302794BF-A3C4-4457-A555-60636F7FC78A}"
EndProject
Project("{FAE04EC0-301F-11D3-BF4B-00C04F79EFBC}") = "03_MakingDecision", "03_MakingDecision\03_MakingDecision.csproj", "{45A9A395-DD5B-4574-BBB0-2296D2D4DC20}"
EndProject
Project("{FAE04EC0-301F-11D3-BF4B-00C04F79EFBC}") = "04_Loops", "04_Loops\04_Loops.csproj", "{260F0F64-D410-4DBB-BF97-B86905AB06C3}"
EndProject
Project("{FAE04EC0-301F-11D3-BF4B-00C04F79EFBC}") = "05_LoopsWithsStars", "05_LoopsWithsStars\05_LoopsWithsStars.csproj", "{C70524CF-68FB-404B-9264-708D06E2B944}"
EndProject
Project("{FAE04EC0-301F-11D3-BF4B-00C04F79EFBC}") = "06_Arrays", "06_Arrays\06_Arrays.csproj", "{0463A153-0056-44D1-90A9-043F128D4F36}"
EndProject
Project("{FAE04EC0-301F-11D3-BF4B-00C04F79EFBC}") = "07_ForeachLoop", "07_ForeachLoop\07_ForeachLoop.csproj", "{2EA550D0-25A7-49E8-BE58-914315387F53}"
EndProject
Project("{FAE04EC0-301F-11D3-BF4B-00C04F79EFBC}") = "08_Methods", "08_Methods\08_Methods.csproj", "{71CB19E9-D87A-404D-AAFF-4DB70AF83B39}"
EndProject
Global
	GlobalSection(SolutionConfigurationPlatforms) = preSolution
		Debug|Any CPU = Debug|Any CPU
		Release|Any CPU = Release|Any CPU
	EndGlobalSection
	GlobalSection(ProjectConfigurationPlatforms) = postSolution
		{442B13A3-37EF-4106-AD8B-E6B8168F86E5}.Debug|Any CPU.ActiveCfg = Debug|Any CPU
		{442B13A3-37EF-4106-AD8B-E6B8168F86E5}.Debug|Any CPU.Build.0 = Debug|Any CPU
		{442B13A3-37EF-4106-AD8B-E6B8168F86E5}.Release|Any CPU.ActiveCfg = Release|Any CPU
		{442B13A3-37EF-4106-AD8B-E6B8168F86E5}.Release|Any CPU.Build.0 = Release|Any CPU
		{302794BF-A3C4-4457-A555-60636F7FC78A}.Debug|Any CPU.ActiveCfg = Debug|Any CPU
		{302794BF-A3C4-4457-A555-60636F7FC78A}.Debug|Any CPU.Build.0 = Debug|Any CPU
		{302794BF-A3C4-4457-A555-60636F7FC78A}.Release|Any CPU.ActiveCfg = Release|Any CPU
		{302794BF-A3C4-4457-A555-60636F7FC78A}.Release|Any CPU.Build.0 = Release|Any CPU
		{45A9A395-DD5B-4574-BBB0-2296D2D4DC20}.Debug|Any CPU.ActiveCfg = Debug|Any CPU
		{45A9A395-DD5B-4574-BBB0-2296D2D4DC20}.Debug|Any CPU.Build.0 = Debug|Any CPU
		{45A9A395-DD5B-4574-BBB0-2296D2D4DC20}.Release|Any CPU.ActiveCfg = Release|Any CPU
		{45A9A395-DD5B-4574-BBB0-2296D2D4DC20}.Release|Any CPU.Build.0 = Release|Any CPU
		{260F0F64-D410-4DBB-BF97-B86905AB06C3}.Debug|Any CPU.ActiveCfg = Debug|Any CPU
		{260F0F64-D410-4DBB-BF97-B86905AB06C3}.Debug|Any CPU.Build.0 = Debug|Any CPU
		{260F0F64-D410-4DBB-BF97-B86905AB06C3}.Release|Any CPU.ActiveCfg = Release|Any CPU
		{260F0F64-D410-4DBB-BF97-B86905AB06C3}.Release|Any CPU.Build.0 = Release|Any CPU
		{C70524CF-68FB-404B-9264-708D06E2B944}.Debug|Any CPU.ActiveCfg = Debug|Any CPU
		{C70524CF-68FB-404B-9264-708D06E2B944}.Debug|Any CPU.Build.0 = Debug|Any CPU
		{C70524CF-68FB-404B-9264-708D06E2B944}.Release|Any CPU.ActiveCfg = Release|Any CPU
		{C70524CF-68FB-404B-9264-708D06E2B944}.Release|Any CPU.Build.0 = Release|Any CPU
		{0463A153-0056-44D1-90A9-043F128D4F36}.Debug|Any CPU.ActiveCfg = Debug|Any CPU
		{0463A153-0056-44D1-90A9-043F128D4F36}.Debug|Any CPU.Build.0 = Debug|Any CPU
		{0463A153-0056-44D1-90A9-043F128D4F36}.Release|Any CPU.ActiveCfg = Release|Any CPU
		{0463A153-0056-44D1-90A9-043F128D4F36}.Release|Any CPU.Build.0 = Release|Any CPU
		{2EA550D0-25A7-49E8-BE58-914315387F53}.Debug|Any CPU.ActiveCfg = Debug|Any CPU
		{2EA550D0-25A7-49E8-BE58-914315387F53}.Debug|Any CPU.Build.0 = Debug|Any CPU
		{2EA550D0-25A7-49E8-BE58-914315387F53}.Release|Any CPU.ActiveCfg = Release|Any CPU
		{2EA550D0-25A7-49E8-BE58-914315387F53}.Release|Any CPU.Build.0 = Release|Any CPU
		{71CB19E9-D87A-404D-AAFF-4DB70AF83B39}.Debug|Any CPU.ActiveCfg = Debug|Any CPU
		{71CB19E9-D87A-404D-AAFF-4DB70AF83B39}.Debug|Any CPU.Build.0 = Debug|Any CPU
		{71CB19E9-D87A-404D-AAFF-4DB70AF83B39}.Release|Any CPU.ActiveCfg = Release|Any CPU
		{71CB19E9-D87A-404D-AAFF-4DB70AF83B39}.Release|Any CPU.Build.0 = Release|Any CPU
	EndGlobalSection
	GlobalSection(SolutionProperties) = preSolution
		HideSolutionNode = FALSE
	EndGlobalSection
	GlobalSection(ExtensibilityGlobals) = postSolution
		SolutionGuid = {E758C6B5-E912-4AF8-8147-0B7F2E486E63}
	EndGlobalSection
EndGlobal
